
Microsoft Visual Studio Solution File, Format Version 12.00
# Visual Studio 15
VisualStudioVersion = 15.0.28010.2036
MinimumVisualStudioVersion = 10.0.40219.1
Project("{F184B08F-C81C-45F6-A57F-5ABD9991F28F}") = "SimpleCypherApp", "SimpleCypherApp\SimpleCypherApp.vbproj", "{43A334AB-B047-428F-93D6-900422CB5C1D}"
EndProject
Global
	GlobalSection(SolutionConfigurationPlatforms) = preSolution
		Debug|Any CPU = Debug|Any CPU
		Release|Any CPU = Release|Any CPU
	EndGlobalSection
	GlobalSection(ProjectConfigurationPlatforms) = postSolution
		{43A334AB-B047-428F-93D6-900422CB5C1D}.Debug|Any CPU.ActiveCfg = Debug|Any CPU
		{43A334AB-B047-428F-93D6-900422CB5C1D}.Debug|Any CPU.Build.0 = Debug|Any CPU
		{43A334AB-B047-428F-93D6-900422CB5C1D}.Release|Any CPU.ActiveCfg = Release|Any CPU
		{43A334AB-B047-428F-93D6-900422CB5C1D}.Release|Any CPU.Build.0 = Release|Any CPU
	EndGlobalSection
	GlobalSection(SolutionProperties) = preSolution
		HideSolutionNode = FALSE
	EndGlobalSection
	GlobalSection(ExtensibilityGlobals) = postSolution
		SolutionGuid = {2BBD84F6-DC66-449B-BE20-9F2CBE57BA53}
	EndGlobalSection
EndGlobal
