
Microsoft Visual Studio Solution File, Format Version 12.00
# Visual Studio 15
VisualStudioVersion = 15.0.28010.2036
MinimumVisualStudioVersion = 10.0.40219.1
Project("{F184B08F-C81C-45F6-A57F-5ABD9991F28F}") = "MathFlashcardsApp", "MathFlashcardsApp\MathFlashcardsApp.vbproj", "{4F0D8557-AEE8-4996-A6A2-FE81BBFB752A}"
EndProject
Global
	GlobalSection(SolutionConfigurationPlatforms) = preSolution
		Debug|Any CPU = Debug|Any CPU
		Release|Any CPU = Release|Any CPU
	EndGlobalSection
	GlobalSection(ProjectConfigurationPlatforms) = postSolution
		{4F0D8557-AEE8-4996-A6A2-FE81BBFB752A}.Debug|Any CPU.ActiveCfg = Debug|Any CPU
		{4F0D8557-AEE8-4996-A6A2-FE81BBFB752A}.Debug|Any CPU.Build.0 = Debug|Any CPU
		{4F0D8557-AEE8-4996-A6A2-FE81BBFB752A}.Release|Any CPU.ActiveCfg = Release|Any CPU
		{4F0D8557-AEE8-4996-A6A2-FE81BBFB752A}.Release|Any CPU.Build.0 = Release|Any CPU
	EndGlobalSection
	GlobalSection(SolutionProperties) = preSolution
		HideSolutionNode = FALSE
	EndGlobalSection
	GlobalSection(ExtensibilityGlobals) = postSolution
		SolutionGuid = {5416550B-30D7-46D7-AFAD-DC2F43BB494E}
	EndGlobalSection
EndGlobal
