
Microsoft Visual Studio Solution File, Format Version 11.00
# Visual Studio 2010
Project("{F184B08F-C81C-45F6-A57F-5ABD9991F28F}") = "Ch7-HighLow", "Ch7-HighLow\Ch7-HighLow.vbproj", "{39CA60C9-18A8-4D75-814D-0DE052E60201}"
EndProject
Global
	GlobalSection(SolutionConfigurationPlatforms) = preSolution
		Debug|x86 = Debug|x86
		Release|x86 = Release|x86
	EndGlobalSection
	GlobalSection(ProjectConfigurationPlatforms) = postSolution
		{39CA60C9-18A8-4D75-814D-0DE052E60201}.Debug|x86.ActiveCfg = Debug|x86
		{39CA60C9-18A8-4D75-814D-0DE052E60201}.Debug|x86.Build.0 = Debug|x86
		{39CA60C9-18A8-4D75-814D-0DE052E60201}.Release|x86.ActiveCfg = Release|x86
		{39CA60C9-18A8-4D75-814D-0DE052E60201}.Release|x86.Build.0 = Release|x86
	EndGlobalSection
	GlobalSection(SolutionProperties) = preSolution
		HideSolutionNode = FALSE
	EndGlobalSection
EndGlobal
