
Microsoft Visual Studio Solution File, Format Version 12.00
# Visual Studio 15
VisualStudioVersion = 15.0.28010.2036
MinimumVisualStudioVersion = 10.0.40219.1
Project("{F184B08F-C81C-45F6-A57F-5ABD9991F28F}") = "ExponentialPennyApp", "ExponentialPennyApp\ExponentialPennyApp.vbproj", "{674F3828-64A7-4333-A093-3404DB12C417}"
EndProject
Global
	GlobalSection(SolutionConfigurationPlatforms) = preSolution
		Debug|Any CPU = Debug|Any CPU
		Release|Any CPU = Release|Any CPU
	EndGlobalSection
	GlobalSection(ProjectConfigurationPlatforms) = postSolution
		{674F3828-64A7-4333-A093-3404DB12C417}.Debug|Any CPU.ActiveCfg = Debug|Any CPU
		{674F3828-64A7-4333-A093-3404DB12C417}.Debug|Any CPU.Build.0 = Debug|Any CPU
		{674F3828-64A7-4333-A093-3404DB12C417}.Release|Any CPU.ActiveCfg = Release|Any CPU
		{674F3828-64A7-4333-A093-3404DB12C417}.Release|Any CPU.Build.0 = Release|Any CPU
	EndGlobalSection
	GlobalSection(SolutionProperties) = preSolution
		HideSolutionNode = FALSE
	EndGlobalSection
	GlobalSection(ExtensibilityGlobals) = postSolution
		SolutionGuid = {B89C1928-05C4-4965-8CE8-1B1C42B503D3}
	EndGlobalSection
EndGlobal
