
Microsoft Visual Studio Solution File, Format Version 12.00
# Visual Studio 15
VisualStudioVersion = 15.0.28010.2036
MinimumVisualStudioVersion = 10.0.40219.1
Project("{F184B08F-C81C-45F6-A57F-5ABD9991F28F}") = "TimeTravelFinal", "TimeTravelFinal\TimeTravelFinal.vbproj", "{2C9CEDAE-4104-4722-B48E-29397650BB43}"
EndProject
Global
	GlobalSection(SolutionConfigurationPlatforms) = preSolution
		Debug|Any CPU = Debug|Any CPU
		Release|Any CPU = Release|Any CPU
	EndGlobalSection
	GlobalSection(ProjectConfigurationPlatforms) = postSolution
		{2C9CEDAE-4104-4722-B48E-29397650BB43}.Debug|Any CPU.ActiveCfg = Debug|Any CPU
		{2C9CEDAE-4104-4722-B48E-29397650BB43}.Debug|Any CPU.Build.0 = Debug|Any CPU
		{2C9CEDAE-4104-4722-B48E-29397650BB43}.Release|Any CPU.ActiveCfg = Release|Any CPU
		{2C9CEDAE-4104-4722-B48E-29397650BB43}.Release|Any CPU.Build.0 = Release|Any CPU
	EndGlobalSection
	GlobalSection(SolutionProperties) = preSolution
		HideSolutionNode = FALSE
	EndGlobalSection
	GlobalSection(ExtensibilityGlobals) = postSolution
		SolutionGuid = {8999B042-0489-43AF-8F38-4DF6372FAEBA}
	EndGlobalSection
EndGlobal
